
Microsoft Visual Studio Solution File, Format Version 12.00
# Visual Studio Version 16
VisualStudioVersion = 16.0.30011.22
MinimumVisualStudioVersion = 10.0.40219.1
Project("{FAE04EC0-301F-11D3-BF4B-00C04F79EFBC}") = "Tournaments", "Tournaments.csproj", "{DD97F6E5-D258-447E-9C78-DABDC432AF5D}"
EndProject
Global
	GlobalSection(SolutionConfigurationPlatforms) = preSolution
		Debug|Any CPU = Debug|Any CPU
		Release|Any CPU = Release|Any CPU
	EndGlobalSection
	GlobalSection(ProjectConfigurationPlatforms) = postSolution
		{DD97F6E5-D258-447E-9C78-DABDC432AF5D}.Debug|Any CPU.ActiveCfg = Debug|Any CPU
		{DD97F6E5-D258-447E-9C78-DABDC432AF5D}.Debug|Any CPU.Build.0 = Debug|Any CPU
		{DD97F6E5-D258-447E-9C78-DABDC432AF5D}.Release|Any CPU.ActiveCfg = Release|Any CPU
		{DD97F6E5-D258-447E-9C78-DABDC432AF5D}.Release|Any CPU.Build.0 = Release|Any CPU
	EndGlobalSection
	GlobalSection(SolutionProperties) = preSolution
		HideSolutionNode = FALSE
	EndGlobalSection
	GlobalSection(ExtensibilityGlobals) = postSolution
		SolutionGuid = {CE4FC539-97DE-46C7-BAB4-175601F8CF14}
	EndGlobalSection
EndGlobal
